
Microsoft Visual Studio Solution File, Format Version 12.00
# Visual Studio Version 16
VisualStudioVersion = 16.0.30011.22
MinimumVisualStudioVersion = 10.0.40219.1
Project("{9A19103F-16F7-4668-BE54-9A1E7A4F7556}") = "StreamReplacer", "StreamReplacer\StreamReplacer.csproj", "{FA548C5A-5FB9-46B1-AF1B-B6707666F60D}"
EndProject
Project("{9A19103F-16F7-4668-BE54-9A1E7A4F7556}") = "StreamReplacer.Test", "StreamReplacer.Test\StreamReplacer.Test.csproj", "{056470D6-700D-4A4B-BF58-39D6CB48CCD2}"
EndProject
Global
	GlobalSection(SolutionConfigurationPlatforms) = preSolution
		Debug|Any CPU = Debug|Any CPU
		Release|Any CPU = Release|Any CPU
	EndGlobalSection
	GlobalSection(ProjectConfigurationPlatforms) = postSolution
		{FA548C5A-5FB9-46B1-AF1B-B6707666F60D}.Debug|Any CPU.ActiveCfg = Debug|Any CPU
		{FA548C5A-5FB9-46B1-AF1B-B6707666F60D}.Debug|Any CPU.Build.0 = Debug|Any CPU
		{FA548C5A-5FB9-46B1-AF1B-B6707666F60D}.Release|Any CPU.ActiveCfg = Release|Any CPU
		{FA548C5A-5FB9-46B1-AF1B-B6707666F60D}.Release|Any CPU.Build.0 = Release|Any CPU
		{056470D6-700D-4A4B-BF58-39D6CB48CCD2}.Debug|Any CPU.ActiveCfg = Debug|Any CPU
		{056470D6-700D-4A4B-BF58-39D6CB48CCD2}.Debug|Any CPU.Build.0 = Debug|Any CPU
		{056470D6-700D-4A4B-BF58-39D6CB48CCD2}.Release|Any CPU.ActiveCfg = Release|Any CPU
		{056470D6-700D-4A4B-BF58-39D6CB48CCD2}.Release|Any CPU.Build.0 = Release|Any CPU
	EndGlobalSection
	GlobalSection(SolutionProperties) = preSolution
		HideSolutionNode = FALSE
	EndGlobalSection
	GlobalSection(ExtensibilityGlobals) = postSolution
		SolutionGuid = {B9A8909D-AE4C-49E7-B05D-9B4EA5AACC34}
	EndGlobalSection
EndGlobal
